
Microsoft Visual Studio Solution File, Format Version 12.00
# Visual Studio Version 16
VisualStudioVersion = 16.0.28803.452
MinimumVisualStudioVersion = 10.0.40219.1
Project("{FAE04EC0-301F-11D3-BF4B-00C04F79EFBC}") = "DistributedPrism", "DistributedPrism\DistributedPrism\DistributedPrism.csproj", "{0EEB2E0D-672A-4F63-A1C5-927F9B492867}"
EndProject
Project("{FAE04EC0-301F-11D3-BF4B-00C04F79EFBC}") = "DistributedPrism.Android", "DistributedPrism\DistributedPrism.Android\DistributedPrism.Android.csproj", "{E52DB362-955B-465D-9C8B-DF80E8916685}"
EndProject
Project("{FAE04EC0-301F-11D3-BF4B-00C04F79EFBC}") = "DistributedProgrammingT2.Common", "DistributedProgrammingT2.Common\DistributedProgrammingT2.Common.csproj", "{4710B84F-3C87-46F6-9996-60B277F3FE2B}"
EndProject
Global
	GlobalSection(SolutionConfigurationPlatforms) = preSolution
		Debug|Any CPU = Debug|Any CPU
		Release|Any CPU = Release|Any CPU
	EndGlobalSection
	GlobalSection(ProjectConfigurationPlatforms) = postSolution
		{0EEB2E0D-672A-4F63-A1C5-927F9B492867}.Debug|Any CPU.ActiveCfg = Debug|Any CPU
		{0EEB2E0D-672A-4F63-A1C5-927F9B492867}.Debug|Any CPU.Build.0 = Debug|Any CPU
		{0EEB2E0D-672A-4F63-A1C5-927F9B492867}.Release|Any CPU.ActiveCfg = Release|Any CPU
		{0EEB2E0D-672A-4F63-A1C5-927F9B492867}.Release|Any CPU.Build.0 = Release|Any CPU
		{E52DB362-955B-465D-9C8B-DF80E8916685}.Debug|Any CPU.ActiveCfg = Debug|Any CPU
		{E52DB362-955B-465D-9C8B-DF80E8916685}.Debug|Any CPU.Build.0 = Debug|Any CPU
		{E52DB362-955B-465D-9C8B-DF80E8916685}.Debug|Any CPU.Deploy.0 = Debug|Any CPU
		{E52DB362-955B-465D-9C8B-DF80E8916685}.Release|Any CPU.ActiveCfg = Release|Any CPU
		{E52DB362-955B-465D-9C8B-DF80E8916685}.Release|Any CPU.Build.0 = Release|Any CPU
		{E52DB362-955B-465D-9C8B-DF80E8916685}.Release|Any CPU.Deploy.0 = Release|Any CPU
		{4710B84F-3C87-46F6-9996-60B277F3FE2B}.Debug|Any CPU.ActiveCfg = Debug|Any CPU
		{4710B84F-3C87-46F6-9996-60B277F3FE2B}.Debug|Any CPU.Build.0 = Debug|Any CPU
		{4710B84F-3C87-46F6-9996-60B277F3FE2B}.Release|Any CPU.ActiveCfg = Release|Any CPU
		{4710B84F-3C87-46F6-9996-60B277F3FE2B}.Release|Any CPU.Build.0 = Release|Any CPU
	EndGlobalSection
	GlobalSection(SolutionProperties) = preSolution
		HideSolutionNode = FALSE
	EndGlobalSection
	GlobalSection(ExtensibilityGlobals) = postSolution
		SolutionGuid = {E1DFFD7F-DB92-4079-9F90-8146E5189F1C}
	EndGlobalSection
EndGlobal
